
Microsoft Visual Studio Solution File, Format Version 12.00
# Visual Studio Version 16
VisualStudioVersion = 16.0.30621.155
MinimumVisualStudioVersion = 10.0.40219.1
Project("{9A19103F-16F7-4668-BE54-9A1E7A4F7556}") = "engine", "engine.csproj", "{60A992F0-F849-45C1-8C13-A00200C19D49}"
EndProject
Global
	GlobalSection(SolutionConfigurationPlatforms) = preSolution
		Debug|Any CPU = Debug|Any CPU
		Release|Any CPU = Release|Any CPU
	EndGlobalSection
	GlobalSection(ProjectConfigurationPlatforms) = postSolution
		{60A992F0-F849-45C1-8C13-A00200C19D49}.Debug|Any CPU.ActiveCfg = Debug|Any CPU
		{60A992F0-F849-45C1-8C13-A00200C19D49}.Debug|Any CPU.Build.0 = Debug|Any CPU
		{60A992F0-F849-45C1-8C13-A00200C19D49}.Release|Any CPU.ActiveCfg = Release|Any CPU
		{60A992F0-F849-45C1-8C13-A00200C19D49}.Release|Any CPU.Build.0 = Release|Any CPU
	EndGlobalSection
	GlobalSection(SolutionProperties) = preSolution
		HideSolutionNode = FALSE
	EndGlobalSection
	GlobalSection(ExtensibilityGlobals) = postSolution
		SolutionGuid = {75F62DD7-44A8-40F4-92B8-F4ADD4479418}
	EndGlobalSection
EndGlobal
